
Microsoft Visual Studio Solution File, Format Version 12.00
# Visual Studio Version 17
VisualStudioVersion = 17.13.35818.85 d17.13
MinimumVisualStudioVersion = 10.0.40219.1
Project("{FAE04EC0-301F-11D3-BF4B-00C04F79EFBC}") = "ProductsMicroService.API", "ProductsMicroService.API\ProductsMicroService.API.csproj", "{782B5BB2-B5A4-4C43-9299-C9B97D6BD2D8}"
EndProject
Project("{FAE04EC0-301F-11D3-BF4B-00C04F79EFBC}") = "DataAccessLayer", "DataAccessLayer\DataAccessLayer.csproj", "{402A1AED-AED1-4160-80F0-181DDD4FAC02}"
EndProject
Project("{FAE04EC0-301F-11D3-BF4B-00C04F79EFBC}") = "BusinessLogicLayer", "BusinessLogicLayer\BusinessLogicLayer.csproj", "{BF2E40BD-6E9D-43FD-8675-DD8CA281B8DF}"
EndProject
Global
	GlobalSection(SolutionConfigurationPlatforms) = preSolution
		Debug|Any CPU = Debug|Any CPU
		Release|Any CPU = Release|Any CPU
	EndGlobalSection
	GlobalSection(ProjectConfigurationPlatforms) = postSolution
		{782B5BB2-B5A4-4C43-9299-C9B97D6BD2D8}.Debug|Any CPU.ActiveCfg = Debug|Any CPU
		{782B5BB2-B5A4-4C43-9299-C9B97D6BD2D8}.Debug|Any CPU.Build.0 = Debug|Any CPU
		{782B5BB2-B5A4-4C43-9299-C9B97D6BD2D8}.Release|Any CPU.ActiveCfg = Release|Any CPU
		{782B5BB2-B5A4-4C43-9299-C9B97D6BD2D8}.Release|Any CPU.Build.0 = Release|Any CPU
		{402A1AED-AED1-4160-80F0-181DDD4FAC02}.Debug|Any CPU.ActiveCfg = Debug|Any CPU
		{402A1AED-AED1-4160-80F0-181DDD4FAC02}.Debug|Any CPU.Build.0 = Debug|Any CPU
		{402A1AED-AED1-4160-80F0-181DDD4FAC02}.Release|Any CPU.ActiveCfg = Release|Any CPU
		{402A1AED-AED1-4160-80F0-181DDD4FAC02}.Release|Any CPU.Build.0 = Release|Any CPU
		{BF2E40BD-6E9D-43FD-8675-DD8CA281B8DF}.Debug|Any CPU.ActiveCfg = Debug|Any CPU
		{BF2E40BD-6E9D-43FD-8675-DD8CA281B8DF}.Debug|Any CPU.Build.0 = Debug|Any CPU
		{BF2E40BD-6E9D-43FD-8675-DD8CA281B8DF}.Release|Any CPU.ActiveCfg = Release|Any CPU
		{BF2E40BD-6E9D-43FD-8675-DD8CA281B8DF}.Release|Any CPU.Build.0 = Release|Any CPU
	EndGlobalSection
	GlobalSection(SolutionProperties) = preSolution
		HideSolutionNode = FALSE
	EndGlobalSection
	GlobalSection(ExtensibilityGlobals) = postSolution
		SolutionGuid = {14C6F4D0-8897-4962-9022-9289456DAB2B}
	EndGlobalSection
EndGlobal
